
Microsoft Visual Studio Solution File, Format Version 12.00
# Visual Studio Version 17
VisualStudioVersion = 17.8.34408.163
MinimumVisualStudioVersion = 10.0.40219.1
Project("{FAE04EC0-301F-11D3-BF4B-00C04F79EFBC}") = "TestesPaywise", "TestesPaywise\TestesPaywise.csproj", "{BAB071CC-375C-4960-B7A0-DBF70AC7E357}"
EndProject
Global
	GlobalSection(SolutionConfigurationPlatforms) = preSolution
		Debug|Any CPU = Debug|Any CPU
		Release|Any CPU = Release|Any CPU
	EndGlobalSection
	GlobalSection(ProjectConfigurationPlatforms) = postSolution
		{BAB071CC-375C-4960-B7A0-DBF70AC7E357}.Debug|Any CPU.ActiveCfg = Debug|Any CPU
		{BAB071CC-375C-4960-B7A0-DBF70AC7E357}.Debug|Any CPU.Build.0 = Debug|Any CPU
		{BAB071CC-375C-4960-B7A0-DBF70AC7E357}.Release|Any CPU.ActiveCfg = Release|Any CPU
		{BAB071CC-375C-4960-B7A0-DBF70AC7E357}.Release|Any CPU.Build.0 = Release|Any CPU
	EndGlobalSection
	GlobalSection(SolutionProperties) = preSolution
		HideSolutionNode = FALSE
	EndGlobalSection
	GlobalSection(ExtensibilityGlobals) = postSolution
		SolutionGuid = {4D08C460-A73D-435C-819B-AC8C4AAADDCF}
	EndGlobalSection
EndGlobal
